<?xml version="1.0" encoding="UTF-8" standalone="yes" ?>
<CodeBlocks_project_file>
	<FileVersion major="1" minor="6" />
	<Project>
		<Option title="Stiek2Bellum" />
		<Option pch_mode="2" />
		<Option compiler="gcc" />
		<Build>
			<Target title="Debug">
				<Option output="bin/Debug/Stiek2Bellum" prefix_auto="1" extension_auto="1" />
				<Option object_output="obj/Debug/" />
				<Option type="1" />
				<Option compiler="gcc" />
				<Compiler>
					<Add option="-g" />
					<Add directory="include" />
				</Compiler>
			</Target>
			<Target title="Release">
				<Option output="bin/Release/Stiek2Bellum" prefix_auto="1" extension_auto="1" />
				<Option object_output="obj/Release/" />
				<Option type="1" />
				<Option compiler="gcc" />
				<Compiler>
					<Add option="-O3" />
					<Add option="-Wnon-virtual-dtor" />
					<Add option="-Wshadow" />
					<Add option="-Winit-self" />
					<Add option="-Wredundant-decls" />
					<Add option="-Wcast-align" />
					<Add option="-Wundef" />
					<Add option="-Wfloat-equal" />
					<Add option="-Winline" />
					<Add option="-Wunreachable-code" />
					<Add option="-Wmissing-declarations" />
					<Add option="-Wswitch-enum" />
					<Add option="-Wswitch-default" />
					<Add option="-Weffc++" />
					<Add option="-Wzero-as-null-pointer-constant" />
					<Add option="-Wmain" />
					<Add option="-pedantic" />
					<Add option="-Wextra" />
					<Add directory="include" />
				</Compiler>
				<Linker>
					<Add option="-s" />
				</Linker>
			</Target>
		</Build>
		<Compiler>
			<Add option="-Wall" />
			<Add option="-std=c++14" />
			<Add option="-fexceptions" />
			<Add directory="src" />
			<Add directory="src/GameStructure" />
			<Add directory="src/GameObjects" />
			<Add directory="src/Non_Classes" />
			<Add directory="src/Behaviours" />
			<Add directory="src/Behaviours/Graphicals" />
			<Add directory="src/Behaviours/Graphicals/Composing" />
		</Compiler>
		<Linker>
			<Add library="liballegro" />
			<Add library="liballegro_image" />
			<Add library="liballegro_primitives" />
		</Linker>
		<Unit filename="src/Behaviours/Behaviour.cpp" />
		<Unit filename="src/Behaviours/Behaviour.h" />
		<Unit filename="src/Behaviours/Graphicals/Animator.cpp" />
		<Unit filename="src/Behaviours/Graphicals/Animator.h" />
		<Unit filename="src/Behaviours/Graphicals/Composing/Animation.cpp" />
		<Unit filename="src/Behaviours/Graphicals/Composing/Animation.h" />
		<Unit filename="src/Behaviours/Graphicals/Composing/Frame.cpp" />
		<Unit filename="src/Behaviours/Graphicals/Composing/Frame.h" />
		<Unit filename="src/Behaviours/Graphicals/Composing/Shadow.cpp" />
		<Unit filename="src/Behaviours/Graphicals/Composing/Shadow.h" />
		<Unit filename="src/Behaviours/Graphicals/Composing/State.cpp" />
		<Unit filename="src/Behaviours/Graphicals/Composing/State.h" />
		<Unit filename="src/GameObjects/GameObject.cpp" />
		<Unit filename="src/GameObjects/GameObject.h" />
		<Unit filename="src/GameObjects/Unit.cpp" />
		<Unit filename="src/GameObjects/Unit.h" />
		<Unit filename="src/GameStructure/Camera.cpp" />
		<Unit filename="src/GameStructure/Camera.h" />
		<Unit filename="src/GameStructure/Drawable.cpp" />
		<Unit filename="src/GameStructure/Drawable.h" />
		<Unit filename="src/GameStructure/GameContainer.cpp" />
		<Unit filename="src/GameStructure/GameContainer.h" />
		<Unit filename="src/GameStructure/GameMap.cpp" />
		<Unit filename="src/GameStructure/GameMap.h" />
		<Unit filename="src/GameStructure/SpritesContainer.cpp" />
		<Unit filename="src/GameStructure/SpritesContainer.h" />
		<Unit filename="src/GameStructure/Transform.cpp" />
		<Unit filename="src/GameStructure/Transform.h" />
		<Unit filename="src/GameStructure/TransformBase.cpp" />
		<Unit filename="src/GameStructure/TransformBase.h" />
		<Unit filename="src/GameStructure/TransformCircle.cpp" />
		<Unit filename="src/GameStructure/TransformCircle.h" />
		<Unit filename="src/Non_Classes/allegroImplem.cpp" />
		<Unit filename="src/Non_Classes/allegroImplem.h" />
		<Unit filename="src/Non_Classes/colors.cpp" />
		<Unit filename="src/Non_Classes/colors.h" />
		<Unit filename="src/Non_Classes/config.h" />
		<Unit filename="src/Non_Classes/debugNerrors.h" />
		<Unit filename="src/main.cpp" />
		<Extensions>
			<envvars />
			<AutoVersioning>
				<Scheme minor_max="10" build_max="0" rev_max="0" rev_rand_max="10" build_times_to_increment_minor="100" />
				<Settings autoincrement="1" date_declarations="1" use_define="0" update_manifest="1" do_auto_increment="0" ask_to_increment="0" language="C++" svn="0" svn_directory="" header_path="version.h" />
				<Changes_Log show_changes_editor="0" app_title="released version %M.%m.%b of %p" changeslog_path="ChangesLog.txt" />
				<Code header_guard="VERSION_H" namespace="AutoVersion" prefix="" />
			</AutoVersioning>
			<code_completion />
			<debugger />
			<lib_finder disable_auto="1" />
		</Extensions>
	</Project>
</CodeBlocks_project_file>
